# This file is autogenerated, do not edit; changes may be undone by the next 'dep ensure'.


[[projects]]
  digest = "1:f72cb64e41191cfd2298306e1966b494ed0a66cd3b709025a4e662727016fe7e"
  name = "github.com/aws/aws-lambda-go"
  packages = [
    "lambda",
    "lambda/handlertrace",
    "lambda/messages",
    "lambdacontext",
  ]
  pruneopts = "UT"
  revision = "ec56cb71d7d3e87e21d2151131d4360c25a304d8"
  version = "v1.13.0"

[[projects]]
  digest = "1:5dff7ab3d49f5c59e9b6e3d522ec61ce44572d67d50fb82e4b01f43ecdda896d"
  name = "github.com/aws/aws-sdk-go-v2"
  packages = [
    "aws",
    "aws/awserr",
    "aws/defaults",
    "aws/ec2metadata",
    "aws/ec2rolecreds",
    "aws/endpointcreds",
    "aws/endpoints",
    "aws/external",
    "aws/signer/v4",
    "aws/stscreds",
    "internal/awsutil",
    "internal/ini",
    "internal/sdk",
    "private/protocol",
    "private/protocol/json",
    "private/protocol/json/jsonutil",
    "private/protocol/jsonrpc",
    "private/protocol/query",
    "private/protocol/query/queryutil",
    "private/protocol/rest",
    "private/protocol/restjson",
    "private/protocol/restxml",
    "private/protocol/xml",
    "private/protocol/xml/xmlutil",
    "service/apigateway",
    "service/cloudformation",
    "service/cloudwatchevents",
    "service/dynamodb",
    "service/kinesis",
    "service/lambda",
    "service/s3",
    "service/sns",
    "service/sts",
  ]
  pruneopts = "UT"
  revision = "d52522b5f4b95591ff6528d7c54923951aadf099"
  version = "v2.0.0-preview.5"

[[projects]]
  digest = "1:e22af8c7518e1eab6f2eab2b7d7558927f816262586cd6ed9f349c97a6c285c4"
  name = "github.com/jmespath/go-jmespath"
  packages = ["."]
  pruneopts = "UT"
  revision = "0b12d6b5"

[solve-meta]
  analyzer-name = "dep"
  analyzer-version = 1
  input-imports = [
    "github.com/aws/aws-lambda-go/lambda",
    "github.com/aws/aws-sdk-go-v2/aws",
    "github.com/aws/aws-sdk-go-v2/aws/endpoints",
    "github.com/aws/aws-sdk-go-v2/aws/external",
    "github.com/aws/aws-sdk-go-v2/service/apigateway",
    "github.com/aws/aws-sdk-go-v2/service/cloudformation",
    "github.com/aws/aws-sdk-go-v2/service/cloudwatchevents",
    "github.com/aws/aws-sdk-go-v2/service/dynamodb",
    "github.com/aws/aws-sdk-go-v2/service/kinesis",
    "github.com/aws/aws-sdk-go-v2/service/lambda",
    "github.com/aws/aws-sdk-go-v2/service/s3",
    "github.com/aws/aws-sdk-go-v2/service/sns",
  ]
  solver-name = "gps-cdcl"
  solver-version = 1
