# This file is autogenerated, do not edit; changes may be undone by the next 'dep ensure'.


[[projects]]
  digest = "1:f72cb64e41191cfd2298306e1966b494ed0a66cd3b709025a4e662727016fe7e"
  name = "github.com/aws/aws-lambda-go"
  packages = [
    "lambda",
    "lambda/handlertrace",
    "lambda/messages",
    "lambdacontext",
  ]
  pruneopts = "UT"
  revision = "e5086e5a7e53f7039034fa29008221760b04ff79"
  version = "v1.13.2"

[[projects]]
  digest = "1:7d03cf3e3dec91e192bbc8497372bd7657b115d6903cea17af36bb1d3be66e5d"
  name = "github.com/aws/aws-sdk-go-v2"
  packages = [
    "aws",
    "aws/awserr",
    "aws/defaults",
    "aws/ec2metadata",
    "aws/ec2rolecreds",
    "aws/endpointcreds",
    "aws/endpoints",
    "aws/external",
    "aws/signer/v4",
    "aws/stscreds",
    "internal/awsutil",
    "internal/ini",
    "internal/sdk",
    "private/protocol",
    "private/protocol/json",
    "private/protocol/json/jsonutil",
    "private/protocol/jsonrpc",
    "private/protocol/query",
    "private/protocol/query/queryutil",
    "private/protocol/rest",
    "private/protocol/restjson",
    "private/protocol/restxml",
    "private/protocol/xml",
    "private/protocol/xml/xmlutil",
    "service/apigateway",
    "service/cloudformation",
    "service/cloudwatchevents",
    "service/dynamodb",
    "service/kinesis",
    "service/lambda",
    "service/s3",
    "service/sns",
    "service/sts",
  ]
  pruneopts = "UT"
  revision = "ca0c9eedb2220a76cb90bf7775b14debd771fd03"
  version = "v0.14.0"

[[projects]]
  digest = "1:bb81097a5b62634f3e9fec1014657855610c82d19b9a40c17612e32651e35dca"
  name = "github.com/jmespath/go-jmespath"
  packages = ["."]
  pruneopts = "UT"
  revision = "c2b33e84"

[[projects]]
  branch = "master"
  digest = "1:69ee2954e0006a4b8907ce5130a2df12195f443a7c570aa3afb98f8aae65ae7a"
  name = "golang.org/x/net"
  packages = [
    "http/httpguts",
    "http2",
    "http2/hpack",
    "idna",
  ]
  pruneopts = "UT"
  revision = "da9a3fd4c5820e74b24a6cb7fb438dc9b0dd377c"

[[projects]]
  digest = "1:8d8faad6b12a3a4c819a3f9618cb6ee1fa1cfc33253abeeea8b55336721e3405"
  name = "golang.org/x/text"
  packages = [
    "collate",
    "collate/build",
    "internal/colltab",
    "internal/gen",
    "internal/language",
    "internal/language/compact",
    "internal/tag",
    "internal/triegen",
    "internal/ucd",
    "language",
    "secure/bidirule",
    "transform",
    "unicode/bidi",
    "unicode/cldr",
    "unicode/norm",
    "unicode/rangetable",
  ]
  pruneopts = "UT"
  revision = "342b2e1fbaa52c93f31447ad2c6abc048c63e475"
  version = "v0.3.2"

[solve-meta]
  analyzer-name = "dep"
  analyzer-version = 1
  input-imports = [
    "github.com/aws/aws-lambda-go/lambda",
    "github.com/aws/aws-sdk-go-v2/aws",
    "github.com/aws/aws-sdk-go-v2/aws/endpoints",
    "github.com/aws/aws-sdk-go-v2/aws/external",
    "github.com/aws/aws-sdk-go-v2/service/apigateway",
    "github.com/aws/aws-sdk-go-v2/service/cloudformation",
    "github.com/aws/aws-sdk-go-v2/service/cloudwatchevents",
    "github.com/aws/aws-sdk-go-v2/service/dynamodb",
    "github.com/aws/aws-sdk-go-v2/service/kinesis",
    "github.com/aws/aws-sdk-go-v2/service/lambda",
    "github.com/aws/aws-sdk-go-v2/service/s3",
    "github.com/aws/aws-sdk-go-v2/service/sns",
    "github.com/aws/aws-sdk-go-v2/service/sts",
  ]
  solver-name = "gps-cdcl"
  solver-version = 1
